// !$*UTF8*$!
{
	archiveVersion = 1;
	classes = {
	};
	objectVersion = 55;
	objects = {

/* Begin PBXBuildFile section */
		59AAC340282FC5FB001E39FB /* AppDelegate.swift in Sources */ = {isa = PBXBuildFile; fileRef = 59AAC33F282FC5FB001E39FB /* AppDelegate.swift */; };
		59AAC342282FC5FB001E39FB /* SceneDelegate.swift in Sources */ = {isa = PBXBuildFile; fileRef = 59AAC341282FC5FB001E39FB /* SceneDelegate.swift */; };
		59AAC347282FC5FB001E39FB /* Main.storyboard in Resources */ = {isa = PBXBuildFile; fileRef = 59AAC345282FC5FB001E39FB /* Main.storyboard */; };
		59AAC349282FC5FC001E39FB /* Assets.xcassets in Resources */ = {isa = PBXBuildFile; fileRef = 59AAC348282FC5FC001E39FB /* Assets.xcassets */; };
		59AAC34C282FC5FC001E39FB /* LaunchScreen.storyboard in Resources */ = {isa = PBXBuildFile; fileRef = 59AAC34A282FC5FC001E39FB /* LaunchScreen.storyboard */; };
		59AAC354282FC64D001E39FB /* MainTableViewController.swift in Sources */ = {isa = PBXBuildFile; fileRef = 59AAC353282FC64D001E39FB /* MainTableViewController.swift */; };
		59AAC35B282FD71D001E39FB /* Comment.swift in Sources */ = {isa = PBXBuildFile; fileRef = 59AAC35A282FD71D001E39FB /* Comment.swift */; };
		59AAC35E282FD836001E39FB /* NetworkService.swift in Sources */ = {isa = PBXBuildFile; fileRef = 59AAC35D282FD836001E39FB /* NetworkService.swift */; };
		59AAC360282FDD53001E39FB /* MainPresenter.swift in Sources */ = {isa = PBXBuildFile; fileRef = 59AAC35F282FDD53001E39FB /* MainPresenter.swift */; };
		59AAC3642832BB5E001E39FB /* DetailPresenter.swift in Sources */ = {isa = PBXBuildFile; fileRef = 59AAC3632832BB5E001E39FB /* DetailPresenter.swift */; };
		59AAC3692832C117001E39FB /* DetailViewController.swift in Sources */ = {isa = PBXBuildFile; fileRef = 59AAC3682832C117001E39FB /* DetailViewController.swift */; };
/* End PBXBuildFile section */

/* Begin PBXFileReference section */
		59AAC33C282FC5FB001E39FB /* TestMVPNetwork.app */ = {isa = PBXFileReference; explicitFileType = wrapper.application; includeInIndex = 0; path = TestMVPNetwork.app; sourceTree = BUILT_PRODUCTS_DIR; };
		59AAC33F282FC5FB001E39FB /* AppDelegate.swift */ = {isa = PBXFileReference; lastKnownFileType = sourcecode.swift; path = AppDelegate.swift; sourceTree = "<group>"; };
		59AAC341282FC5FB001E39FB /* SceneDelegate.swift */ = {isa = PBXFileReference; lastKnownFileType = sourcecode.swift; path = SceneDelegate.swift; sourceTree = "<group>"; };
		59AAC346282FC5FB001E39FB /* Base */ = {isa = PBXFileReference; lastKnownFileType = file.storyboard; name = Base; path = Base.lproj/Main.storyboard; sourceTree = "<group>"; };
		59AAC348282FC5FC001E39FB /* Assets.xcassets */ = {isa = PBXFileReference; lastKnownFileType = folder.assetcatalog; path = Assets.xcassets; sourceTree = "<group>"; };
		59AAC34B282FC5FC001E39FB /* Base */ = {isa = PBXFileReference; lastKnownFileType = file.storyboard; name = Base; path = Base.lproj/LaunchScreen.storyboard; sourceTree = "<group>"; };
		59AAC34D282FC5FC001E39FB /* Info.plist */ = {isa = PBXFileReference; lastKnownFileType = text.plist.xml; path = Info.plist; sourceTree = "<group>"; };
		59AAC353282FC64D001E39FB /* MainTableViewController.swift */ = {isa = PBXFileReference; lastKnownFileType = sourcecode.swift; path = MainTableViewController.swift; sourceTree = "<group>"; };
		59AAC35A282FD71D001E39FB /* Comment.swift */ = {isa = PBXFileReference; lastKnownFileType = sourcecode.swift; path = Comment.swift; sourceTree = "<group>"; };
		59AAC35D282FD836001E39FB /* NetworkService.swift */ = {isa = PBXFileReference; lastKnownFileType = sourcecode.swift; path = NetworkService.swift; sourceTree = "<group>"; };
		59AAC35F282FDD53001E39FB /* MainPresenter.swift */ = {isa = PBXFileReference; lastKnownFileType = sourcecode.swift; path = MainPresenter.swift; sourceTree = "<group>"; };
		59AAC3632832BB5E001E39FB /* DetailPresenter.swift */ = {isa = PBXFileReference; lastKnownFileType = sourcecode.swift; path = DetailPresenter.swift; sourceTree = "<group>"; };
		59AAC3682832C117001E39FB /* DetailViewController.swift */ = {isa = PBXFileReference; lastKnownFileType = sourcecode.swift; path = DetailViewController.swift; sourceTree = "<group>"; };
/* End PBXFileReference section */

/* Begin PBXFrameworksBuildPhase section */
		59AAC339282FC5FB001E39FB /* Frameworks */ = {
			isa = PBXFrameworksBuildPhase;
			buildActionMask = 2147483647;
			files = (
			);
			runOnlyForDeploymentPostprocessing = 0;
		};
/* End PBXFrameworksBuildPhase section */

/* Begin PBXGroup section */
		59AAC333282FC5FB001E39FB = {
			isa = PBXGroup;
			children = (
				59AAC33E282FC5FB001E39FB /* TestMVPNetwork */,
				59AAC33D282FC5FB001E39FB /* Products */,
			);
			sourceTree = "<group>";
		};
		59AAC33D282FC5FB001E39FB /* Products */ = {
			isa = PBXGroup;
			children = (
				59AAC33C282FC5FB001E39FB /* TestMVPNetwork.app */,
			);
			name = Products;
			sourceTree = "<group>";
		};
		59AAC33E282FC5FB001E39FB /* TestMVPNetwork */ = {
			isa = PBXGroup;
			children = (
				59AAC3652832BFE9001E39FB /* DetailModul */,
				59AAC355282FC681001E39FB /* MainModule */,
				59AAC359282FC6C1001E39FB /* Presenter */,
				59AAC358282FC6B6001E39FB /* Model */,
				59AAC35C282FD7F5001E39FB /* SeviceLayer */,
				59AAC33F282FC5FB001E39FB /* AppDelegate.swift */,
				59AAC341282FC5FB001E39FB /* SceneDelegate.swift */,
				59AAC345282FC5FB001E39FB /* Main.storyboard */,
				59AAC348282FC5FC001E39FB /* Assets.xcassets */,
				59AAC34A282FC5FC001E39FB /* LaunchScreen.storyboard */,
				59AAC34D282FC5FC001E39FB /* Info.plist */,
			);
			path = TestMVPNetwork;
			sourceTree = "<group>";
		};
		59AAC355282FC681001E39FB /* MainModule */ = {
			isa = PBXGroup;
			children = (
				59AAC353282FC64D001E39FB /* MainTableViewController.swift */,
			);
			path = MainModule;
			sourceTree = "<group>";
		};
		59AAC358282FC6B6001E39FB /* Model */ = {
			isa = PBXGroup;
			children = (
				59AAC35A282FD71D001E39FB /* Comment.swift */,
			);
			path = Model;
			sourceTree = "<group>";
		};
		59AAC359282FC6C1001E39FB /* Presenter */ = {
			isa = PBXGroup;
			children = (
				59AAC35F282FDD53001E39FB /* MainPresenter.swift */,
			);
			path = Presenter;
			sourceTree = "<group>";
		};
		59AAC35C282FD7F5001E39FB /* SeviceLayer */ = {
			isa = PBXGroup;
			children = (
				59AAC35D282FD836001E39FB /* NetworkService.swift */,
			);
			path = SeviceLayer;
			sourceTree = "<group>";
		};
		59AAC3652832BFE9001E39FB /* DetailModul */ = {
			isa = PBXGroup;
			children = (
				59AAC3672832C0E1001E39FB /* View */,
				59AAC3662832BFF7001E39FB /* Presenter */,
			);
			path = DetailModul;
			sourceTree = "<group>";
		};
		59AAC3662832BFF7001E39FB /* Presenter */ = {
			isa = PBXGroup;
			children = (
				59AAC3632832BB5E001E39FB /* DetailPresenter.swift */,
			);
			path = Presenter;
			sourceTree = "<group>";
		};
		59AAC3672832C0E1001E39FB /* View */ = {
			isa = PBXGroup;
			children = (
				59AAC3682832C117001E39FB /* DetailViewController.swift */,
			);
			path = View;
			sourceTree = "<group>";
		};
/* End PBXGroup section */

/* Begin PBXNativeTarget section */
		59AAC33B282FC5FB001E39FB /* TestMVPNetwork */ = {
			isa = PBXNativeTarget;
			buildConfigurationList = 59AAC350282FC5FC001E39FB /* Build configuration list for PBXNativeTarget "TestMVPNetwork" */;
			buildPhases = (
				59AAC338282FC5FB001E39FB /* Sources */,
				59AAC339282FC5FB001E39FB /* Frameworks */,
				59AAC33A282FC5FB001E39FB /* Resources */,
			);
			buildRules = (
			);
			dependencies = (
			);
			name = TestMVPNetwork;
			productName = TestMVPNetwork;
			productReference = 59AAC33C282FC5FB001E39FB /* TestMVPNetwork.app */;
			productType = "com.apple.product-type.application";
		};
/* End PBXNativeTarget section */

/* Begin PBXProject section */
		59AAC334282FC5FB001E39FB /* Project object */ = {
			isa = PBXProject;
			attributes = {
				BuildIndependentTargetsInParallel = 1;
				LastSwiftUpdateCheck = 1330;
				LastUpgradeCheck = 1330;
				TargetAttributes = {
					59AAC33B282FC5FB001E39FB = {
						CreatedOnToolsVersion = 13.3.1;
					};
				};
			};
			buildConfigurationList = 59AAC337282FC5FB001E39FB /* Build configuration list for PBXProject "TestMVPNetwork" */;
			compatibilityVersion = "Xcode 13.0";
			developmentRegion = en;
			hasScannedForEncodings = 0;
			knownRegions = (
				en,
				Base,
			);
			mainGroup = 59AAC333282FC5FB001E39FB;
			productRefGroup = 59AAC33D282FC5FB001E39FB /* Products */;
			projectDirPath = "";
			projectRoot = "";
			targets = (
				59AAC33B282FC5FB001E39FB /* TestMVPNetwork */,
			);
		};
/* End PBXProject section */

/* Begin PBXResourcesBuildPhase section */
		59AAC33A282FC5FB001E39FB /* Resources */ = {
			isa = PBXResourcesBuildPhase;
			buildActionMask = 2147483647;
			files = (
				59AAC34C282FC5FC001E39FB /* LaunchScreen.storyboard in Resources */,
				59AAC349282FC5FC001E39FB /* Assets.xcassets in Resources */,
				59AAC347282FC5FB001E39FB /* Main.storyboard in Resources */,
			);
			runOnlyForDeploymentPostprocessing = 0;
		};
/* End PBXResourcesBuildPhase section */

/* Begin PBXSourcesBuildPhase section */
		59AAC338282FC5FB001E39FB /* Sources */ = {
			isa = PBXSourcesBuildPhase;
			buildActionMask = 2147483647;
			files = (
				59AAC35E282FD836001E39FB /* NetworkService.swift in Sources */,
				59AAC360282FDD53001E39FB /* MainPresenter.swift in Sources */,
				59AAC354282FC64D001E39FB /* MainTableViewController.swift in Sources */,
				59AAC340282FC5FB001E39FB /* AppDelegate.swift in Sources */,
				59AAC342282FC5FB001E39FB /* SceneDelegate.swift in Sources */,
				59AAC3642832BB5E001E39FB /* DetailPresenter.swift in Sources */,
				59AAC35B282FD71D001E39FB /* Comment.swift in Sources */,
				59AAC3692832C117001E39FB /* DetailViewController.swift in Sources */,
			);
			runOnlyForDeploymentPostprocessing = 0;
		};
/* End PBXSourcesBuildPhase section */

/* Begin PBXVariantGroup section */
		59AAC345282FC5FB001E39FB /* Main.storyboard */ = {
			isa = PBXVariantGroup;
			children = (
				59AAC346282FC5FB001E39FB /* Base */,
			);
			name = Main.storyboard;
			sourceTree = "<group>";
		};
		59AAC34A282FC5FC001E39FB /* LaunchScreen.storyboard */ = {
			isa = PBXVariantGroup;
			children = (
				59AAC34B282FC5FC001E39FB /* Base */,
			);
			name = LaunchScreen.storyboard;
			sourceTree = "<group>";
		};
/* End PBXVariantGroup section */

/* Begin XCBuildConfiguration section */
		59AAC34E282FC5FC001E39FB /* Debug */ = {
			isa = XCBuildConfiguration;
			buildSettings = {
				ALWAYS_SEARCH_USER_PATHS = NO;
				CLANG_ANALYZER_NONNULL = YES;
				CLANG_ANALYZER_NUMBER_OBJECT_CONVERSION = YES_AGGRESSIVE;
				CLANG_CXX_LANGUAGE_STANDARD = "gnu++17";
				CLANG_ENABLE_MODULES = YES;
				CLANG_ENABLE_OBJC_ARC = YES;
				CLANG_ENABLE_OBJC_WEAK = YES;
				CLANG_WARN_BLOCK_CAPTURE_AUTORELEASING = YES;
				CLANG_WARN_BOOL_CONVERSION = YES;
				CLANG_WARN_COMMA = YES;
				CLANG_WARN_CONSTANT_CONVERSION = YES;
				CLANG_WARN_DEPRECATED_OBJC_IMPLEMENTATIONS = YES;
				CLANG_WARN_DIRECT_OBJC_ISA_USAGE = YES_ERROR;
				CLANG_WARN_DOCUMENTATION_COMMENTS = YES;
				CLANG_WARN_EMPTY_BODY = YES;
				CLANG_WARN_ENUM_CONVERSION = YES;
				CLANG_WARN_INFINITE_RECURSION = YES;
				CLANG_WARN_INT_CONVERSION = YES;
				CLANG_WARN_NON_LITERAL_NULL_CONVERSION = YES;
				CLANG_WARN_OBJC_IMPLICIT_RETAIN_SELF = YES;
				CLANG_WARN_OBJC_LITERAL_CONVERSION = YES;
				CLANG_WARN_OBJC_ROOT_CLASS = YES_ERROR;
				CLANG_WARN_QUOTED_INCLUDE_IN_FRAMEWORK_HEADER = YES;
				CLANG_WARN_RANGE_LOOP_ANALYSIS = YES;
				CLANG_WARN_STRICT_PROTOTYPES = YES;
				CLANG_WARN_SUSPICIOUS_MOVE = YES;
				CLANG_WARN_UNGUARDED_AVAILABILITY = YES_AGGRESSIVE;
				CLANG_WARN_UNREACHABLE_CODE = YES;
				CLANG_WARN__DUPLICATE_METHOD_MATCH = YES;
				COPY_PHASE_STRIP = NO;
				DEBUG_INFORMATION_FORMAT = dwarf;
				ENABLE_STRICT_OBJC_MSGSEND = YES;
				ENABLE_TESTABILITY = YES;
				GCC_C_LANGUAGE_STANDARD = gnu11;
				GCC_DYNAMIC_NO_PIC = NO;
				GCC_NO_COMMON_BLOCKS = YES;
				GCC_OPTIMIZATION_LEVEL = 0;
				GCC_PREPROCESSOR_DEFINITIONS = (
					"DEBUG=1",
					"$(inherited)",
				);
				GCC_WARN_64_TO_32_BIT_CONVERSION = YES;
				GCC_WARN_ABOUT_RETURN_TYPE = YES_ERROR;
				GCC_WARN_UNDECLARED_SELECTOR = YES;
				GCC_WARN_UNINITIALIZED_AUTOS = YES_AGGRESSIVE;
				GCC_WARN_UNUSED_FUNCTION = YES;
				GCC_WARN_UNUSED_VARIABLE = YES;
				IPHONEOS_DEPLOYMENT_TARGET = 15.4;
				MTL_ENABLE_DEBUG_INFO = INCLUDE_SOURCE;
				MTL_FAST_MATH = YES;
				ONLY_ACTIVE_ARCH = YES;
				SDKROOT = iphoneos;
				SWIFT_ACTIVE_COMPILATION_CONDITIONS = DEBUG;
				SWIFT_OPTIMIZATION_LEVEL = "-Onone";
			};
			name = Debug;
		};
		59AAC34F282FC5FC001E39FB /* Release */ = {
			isa = XCBuildConfiguration;
			buildSettings = {
				ALWAYS_SEARCH_USER_PATHS = NO;
				CLANG_ANALYZER_NONNULL = YES;
				CLANG_ANALYZER_NUMBER_OBJECT_CONVERSION = YES_AGGRESSIVE;
				CLANG_CXX_LANGUAGE_STANDARD = "gnu++17";
				CLANG_ENABLE_MODULES = YES;
				CLANG_ENABLE_OBJC_ARC = YES;
				CLANG_ENABLE_OBJC_WEAK = YES;
				CLANG_WARN_BLOCK_CAPTURE_AUTORELEASING = YES;
				CLANG_WARN_BOOL_CONVERSION = YES;
				CLANG_WARN_COMMA = YES;
				CLANG_WARN_CONSTANT_CONVERSION = YES;
				CLANG_WARN_DEPRECATED_OBJC_IMPLEMENTATIONS = YES;
				CLANG_WARN_DIRECT_OBJC_ISA_USAGE = YES_ERROR;
				CLANG_WARN_DOCUMENTATION_COMMENTS = YES;
				CLANG_WARN_EMPTY_BODY = YES;
				CLANG_WARN_ENUM_CONVERSION = YES;
				CLANG_WARN_INFINITE_RECURSION = YES;
				CLANG_WARN_INT_CONVERSION = YES;
				CLANG_WARN_NON_LITERAL_NULL_CONVERSION = YES;
				CLANG_WARN_OBJC_IMPLICIT_RETAIN_SELF = YES;
				CLANG_WARN_OBJC_LITERAL_CONVERSION = YES;
				CLANG_WARN_OBJC_ROOT_CLASS = YES_ERROR;
				CLANG_WARN_QUOTED_INCLUDE_IN_FRAMEWORK_HEADER = YES;
				CLANG_WARN_RANGE_LOOP_ANALYSIS = YES;
				CLANG_WARN_STRICT_PROTOTYPES = YES;
				CLANG_WARN_SUSPICIOUS_MOVE = YES;
				CLANG_WARN_UNGUARDED_AVAILABILITY = YES_AGGRESSIVE;
				CLANG_WARN_UNREACHABLE_CODE = YES;
				CLANG_WARN__DUPLICATE_METHOD_MATCH = YES;
				COPY_PHASE_STRIP = NO;
				DEBUG_INFORMATION_FORMAT = "dwarf-with-dsym";
				ENABLE_NS_ASSERTIONS = NO;
				ENABLE_STRICT_OBJC_MSGSEND = YES;
				GCC_C_LANGUAGE_STANDARD = gnu11;
				GCC_NO_COMMON_BLOCKS = YES;
				GCC_WARN_64_TO_32_BIT_CONVERSION = YES;
				GCC_WARN_ABOUT_RETURN_TYPE = YES_ERROR;
				GCC_WARN_UNDECLARED_SELECTOR = YES;
				GCC_WARN_UNINITIALIZED_AUTOS = YES_AGGRESSIVE;
				GCC_WARN_UNUSED_FUNCTION = YES;
				GCC_WARN_UNUSED_VARIABLE = YES;
				IPHONEOS_DEPLOYMENT_TARGET = 15.4;
				MTL_ENABLE_DEBUG_INFO = NO;
				MTL_FAST_MATH = YES;
				SDKROOT = iphoneos;
				SWIFT_COMPILATION_MODE = wholemodule;
				SWIFT_OPTIMIZATION_LEVEL = "-O";
				VALIDATE_PRODUCT = YES;
			};
			name = Release;
		};
		59AAC351282FC5FC001E39FB /* Debug */ = {
			isa = XCBuildConfiguration;
			buildSettings = {
				ASSETCATALOG_COMPILER_APPICON_NAME = AppIcon;
				ASSETCATALOG_COMPILER_GLOBAL_ACCENT_COLOR_NAME = AccentColor;
				CODE_SIGN_STYLE = Automatic;
				CURRENT_PROJECT_VERSION = 1;
				DEVELOPMENT_TEAM = 74PXA5BUUB;
				GENERATE_INFOPLIST_FILE = YES;
				INFOPLIST_FILE = TestMVPNetwork/Info.plist;
				INFOPLIST_KEY_UIApplicationSupportsIndirectInputEvents = YES;
				INFOPLIST_KEY_UILaunchStoryboardName = LaunchScreen;
				INFOPLIST_KEY_UIMainStoryboardFile = Main;
				INFOPLIST_KEY_UISupportedInterfaceOrientations_iPad = "UIInterfaceOrientationPortrait UIInterfaceOrientationPortraitUpsideDown UIInterfaceOrientationLandscapeLeft UIInterfaceOrientationLandscapeRight";
				INFOPLIST_KEY_UISupportedInterfaceOrientations_iPhone = "UIInterfaceOrientationPortrait UIInterfaceOrientationLandscapeLeft UIInterfaceOrientationLandscapeRight";
				LD_RUNPATH_SEARCH_PATHS = (
					"$(inherited)",
					"@executable_path/Frameworks",
				);
				MARKETING_VERSION = 1.0;
				PRODUCT_BUNDLE_IDENTIFIER = "Vladimir-Makarov.TestMVPNetwork";
				PRODUCT_NAME = "$(TARGET_NAME)";
				SWIFT_EMIT_LOC_STRINGS = YES;
				SWIFT_VERSION = 5.0;
				TARGETED_DEVICE_FAMILY = "1,2";
			};
			name = Debug;
		};
		59AAC352282FC5FC001E39FB /* Release */ = {
			isa = XCBuildConfiguration;
			buildSettings = {
				ASSETCATALOG_COMPILER_APPICON_NAME = AppIcon;
				ASSETCATALOG_COMPILER_GLOBAL_ACCENT_COLOR_NAME = AccentColor;
				CODE_SIGN_STYLE = Automatic;
				CURRENT_PROJECT_VERSION = 1;
				DEVELOPMENT_TEAM = 74PXA5BUUB;
				GENERATE_INFOPLIST_FILE = YES;
				INFOPLIST_FILE = TestMVPNetwork/Info.plist;
				INFOPLIST_KEY_UIApplicationSupportsIndirectInputEvents = YES;
				INFOPLIST_KEY_UILaunchStoryboardName = LaunchScreen;
				INFOPLIST_KEY_UIMainStoryboardFile = Main;
				INFOPLIST_KEY_UISupportedInterfaceOrientations_iPad = "UIInterfaceOrientationPortrait UIInterfaceOrientationPortraitUpsideDown UIInterfaceOrientationLandscapeLeft UIInterfaceOrientationLandscapeRight";
				INFOPLIST_KEY_UISupportedInterfaceOrientations_iPhone = "UIInterfaceOrientationPortrait UIInterfaceOrientationLandscapeLeft UIInterfaceOrientationLandscapeRight";
				LD_RUNPATH_SEARCH_PATHS = (
					"$(inherited)",
					"@executable_path/Frameworks",
				);
				MARKETING_VERSION = 1.0;
				PRODUCT_BUNDLE_IDENTIFIER = "Vladimir-Makarov.TestMVPNetwork";
				PRODUCT_NAME = "$(TARGET_NAME)";
				SWIFT_EMIT_LOC_STRINGS = YES;
				SWIFT_VERSION = 5.0;
				TARGETED_DEVICE_FAMILY = "1,2";
			};
			name = Release;
		};
/* End XCBuildConfiguration section */

/* Begin XCConfigurationList section */
		59AAC337282FC5FB001E39FB /* Build configuration list for PBXProject "TestMVPNetwork" */ = {
			isa = XCConfigurationList;
			buildConfigurations = (
				59AAC34E282FC5FC001E39FB /* Debug */,
				59AAC34F282FC5FC001E39FB /* Release */,
			);
			defaultConfigurationIsVisible = 0;
			defaultConfigurationName = Release;
		};
		59AAC350282FC5FC001E39FB /* Build configuration list for PBXNativeTarget "TestMVPNetwork" */ = {
			isa = XCConfigurationList;
			buildConfigurations = (
				59AAC351282FC5FC001E39FB /* Debug */,
				59AAC352282FC5FC001E39FB /* Release */,
			);
			defaultConfigurationIsVisible = 0;
			defaultConfigurationName = Release;
		};
/* End XCConfigurationList section */
	};
	rootObject = 59AAC334282FC5FB001E39FB /* Project object */;
}
